
Microsoft Visual Studio Solution File, Format Version 12.00
# Visual Studio Version 17
VisualStudioVersion = 17.11.35312.102
MinimumVisualStudioVersion = 10.0.40219.1
Project("{FAE04EC0-301F-11D3-BF4B-00C04F79EFBC}") = "tiendaRopa_Api", "tiendaRopa_Api\tiendaRopa_Api.csproj", "{9BEF5D6D-ED11-44F2-9342-48AA9FE3D1D4}"
EndProject
Global
	GlobalSection(SolutionConfigurationPlatforms) = preSolution
		Debug|Any CPU = Debug|Any CPU
		Release|Any CPU = Release|Any CPU
	EndGlobalSection
	GlobalSection(ProjectConfigurationPlatforms) = postSolution
		{9BEF5D6D-ED11-44F2-9342-48AA9FE3D1D4}.Debug|Any CPU.ActiveCfg = Debug|Any CPU
		{9BEF5D6D-ED11-44F2-9342-48AA9FE3D1D4}.Debug|Any CPU.Build.0 = Debug|Any CPU
		{9BEF5D6D-ED11-44F2-9342-48AA9FE3D1D4}.Release|Any CPU.ActiveCfg = Release|Any CPU
		{9BEF5D6D-ED11-44F2-9342-48AA9FE3D1D4}.Release|Any CPU.Build.0 = Release|Any CPU
	EndGlobalSection
	GlobalSection(SolutionProperties) = preSolution
		HideSolutionNode = FALSE
	EndGlobalSection
	GlobalSection(ExtensibilityGlobals) = postSolution
		SolutionGuid = {64291671-5C3A-46BC-9E69-8D36DBD5401D}
	EndGlobalSection
EndGlobal
