
Microsoft Visual Studio Solution File, Format Version 12.00
# Visual Studio Version 17
VisualStudioVersion = 17.11.35312.102
MinimumVisualStudioVersion = 10.0.40219.1
Project("{9A19103F-16F7-4668-BE54-9A1E7A4F7556}") = "tiendaRopa_Api", "tiendaRopa_Api\tiendaRopa_Api.csproj", "{9BEF5D6D-ED11-44F2-9342-48AA9FE3D1D4}"
EndProject
Project("{2150E333-8FDC-42A3-9474-1A3956D46DE8}") = "Elementos de la solución", "Elementos de la solución", "{16E81B4A-A341-487A-AC8D-C672C50C38DE}"
EndProject
Global
	GlobalSection(SolutionConfigurationPlatforms) = preSolution
		Debug|Any CPU = Debug|Any CPU
		Release|Any CPU = Release|Any CPU
	EndGlobalSection
	GlobalSection(ProjectConfigurationPlatforms) = postSolution
		{9BEF5D6D-ED11-44F2-9342-48AA9FE3D1D4}.Debug|Any CPU.ActiveCfg = Debug|Any CPU
		{9BEF5D6D-ED11-44F2-9342-48AA9FE3D1D4}.Debug|Any CPU.Build.0 = Debug|Any CPU
		{9BEF5D6D-ED11-44F2-9342-48AA9FE3D1D4}.Release|Any CPU.ActiveCfg = Release|Any CPU
		{9BEF5D6D-ED11-44F2-9342-48AA9FE3D1D4}.Release|Any CPU.Build.0 = Release|Any CPU
	EndGlobalSection
	GlobalSection(SolutionProperties) = preSolution
		HideSolutionNode = FALSE
	EndGlobalSection
	GlobalSection(ExtensibilityGlobals) = postSolution
		SolutionGuid = {64291671-5C3A-46BC-9E69-8D36DBD5401D}
	EndGlobalSection
EndGlobal
